
Microsoft Visual Studio Solution File, Format Version 12.00
# Visual Studio 14
VisualStudioVersion = 14.0.24720.0
MinimumVisualStudioVersion = 10.0.40219.1
Project("{FAE04EC0-301F-11D3-BF4B-00C04F79EFBC}") = "QLicense", "Core\QLicense\QLicense.csproj", "{1980E43F-C5E4-4A2B-95A6-1AEBDC7EE2B7}"
EndProject
Project("{FAE04EC0-301F-11D3-BF4B-00C04F79EFBC}") = "ActivationControls4Win", "Core\ActivationControls4Win\ActivationControls4Win.csproj", "{DDF06EAC-02DF-4BDA-A883-98B856BC1765}"
EndProject
Project("{FAE04EC0-301F-11D3-BF4B-00C04F79EFBC}") = "DemoWinFormApp", "Demo\DemoWinFormApp\DemoWinFormApp.csproj", "{01F6D760-D0D5-45CB-B730-AFBAF298C7D1}"
EndProject
Project("{FAE04EC0-301F-11D3-BF4B-00C04F79EFBC}") = "DemoActivationTool", "Demo\DemoActivationTool\DemoActivationTool.csproj", "{7E6FF8AE-63E9-4BB2-9ACE-7580CE229F65}"
EndProject
Project("{2150E333-8FDC-42A3-9474-1A3956D46DE8}") = "Core", "Core", "{036B2D67-D093-4477-ABC6-4902676A79B2}"
EndProject
Project("{2150E333-8FDC-42A3-9474-1A3956D46DE8}") = "Demo", "Demo", "{9461EE4C-58DE-49DC-B363-46C0705BEF74}"
EndProject
Project("{FAE04EC0-301F-11D3-BF4B-00C04F79EFBC}") = "DemoLicense", "Demo\DemoLicense\DemoLicense.csproj", "{9F0BD6DF-F288-451B-828E-6431E5441DB8}"
EndProject
Global
	GlobalSection(SolutionConfigurationPlatforms) = preSolution
		Debug|Any CPU = Debug|Any CPU
		Release|Any CPU = Release|Any CPU
	EndGlobalSection
	GlobalSection(ProjectConfigurationPlatforms) = postSolution
		{1980E43F-C5E4-4A2B-95A6-1AEBDC7EE2B7}.Debug|Any CPU.ActiveCfg = Debug|Any CPU
		{1980E43F-C5E4-4A2B-95A6-1AEBDC7EE2B7}.Debug|Any CPU.Build.0 = Debug|Any CPU
		{1980E43F-C5E4-4A2B-95A6-1AEBDC7EE2B7}.Release|Any CPU.ActiveCfg = Release|Any CPU
		{1980E43F-C5E4-4A2B-95A6-1AEBDC7EE2B7}.Release|Any CPU.Build.0 = Release|Any CPU
		{DDF06EAC-02DF-4BDA-A883-98B856BC1765}.Debug|Any CPU.ActiveCfg = Debug|Any CPU
		{DDF06EAC-02DF-4BDA-A883-98B856BC1765}.Debug|Any CPU.Build.0 = Debug|Any CPU
		{DDF06EAC-02DF-4BDA-A883-98B856BC1765}.Release|Any CPU.ActiveCfg = Release|Any CPU
		{DDF06EAC-02DF-4BDA-A883-98B856BC1765}.Release|Any CPU.Build.0 = Release|Any CPU
		{01F6D760-D0D5-45CB-B730-AFBAF298C7D1}.Debug|Any CPU.ActiveCfg = Debug|Any CPU
		{01F6D760-D0D5-45CB-B730-AFBAF298C7D1}.Debug|Any CPU.Build.0 = Debug|Any CPU
		{01F6D760-D0D5-45CB-B730-AFBAF298C7D1}.Release|Any CPU.ActiveCfg = Release|Any CPU
		{01F6D760-D0D5-45CB-B730-AFBAF298C7D1}.Release|Any CPU.Build.0 = Release|Any CPU
		{7E6FF8AE-63E9-4BB2-9ACE-7580CE229F65}.Debug|Any CPU.ActiveCfg = Debug|Any CPU
		{7E6FF8AE-63E9-4BB2-9ACE-7580CE229F65}.Debug|Any CPU.Build.0 = Debug|Any CPU
		{7E6FF8AE-63E9-4BB2-9ACE-7580CE229F65}.Release|Any CPU.ActiveCfg = Release|Any CPU
		{7E6FF8AE-63E9-4BB2-9ACE-7580CE229F65}.Release|Any CPU.Build.0 = Release|Any CPU
		{9F0BD6DF-F288-451B-828E-6431E5441DB8}.Debug|Any CPU.ActiveCfg = Debug|Any CPU
		{9F0BD6DF-F288-451B-828E-6431E5441DB8}.Debug|Any CPU.Build.0 = Debug|Any CPU
		{9F0BD6DF-F288-451B-828E-6431E5441DB8}.Release|Any CPU.ActiveCfg = Release|Any CPU
		{9F0BD6DF-F288-451B-828E-6431E5441DB8}.Release|Any CPU.Build.0 = Release|Any CPU
	EndGlobalSection
	GlobalSection(SolutionProperties) = preSolution
		HideSolutionNode = FALSE
	EndGlobalSection
	GlobalSection(NestedProjects) = preSolution
		{1980E43F-C5E4-4A2B-95A6-1AEBDC7EE2B7} = {036B2D67-D093-4477-ABC6-4902676A79B2}
		{DDF06EAC-02DF-4BDA-A883-98B856BC1765} = {036B2D67-D093-4477-ABC6-4902676A79B2}
		{01F6D760-D0D5-45CB-B730-AFBAF298C7D1} = {9461EE4C-58DE-49DC-B363-46C0705BEF74}
		{7E6FF8AE-63E9-4BB2-9ACE-7580CE229F65} = {9461EE4C-58DE-49DC-B363-46C0705BEF74}
		{9F0BD6DF-F288-451B-828E-6431E5441DB8} = {9461EE4C-58DE-49DC-B363-46C0705BEF74}
	EndGlobalSection
EndGlobal
