
Microsoft Visual Studio Solution File, Format Version 12.00
# Visual Studio 2013
VisualStudioVersion = 12.0.31101.0
MinimumVisualStudioVersion = 10.0.40219.1
Project("{FAE04EC0-301F-11D3-BF4B-00C04F79EFBC}") = "QLicense", "QLicense\QLicense.csproj", "{1980E43F-C5E4-4A2B-95A6-1AEBDC7EE2B7}"
EndProject
Project("{FAE04EC0-301F-11D3-BF4B-00C04F79EFBC}") = "ActivationControls4Win", "ActivationControls4Win\ActivationControls4Win.csproj", "{DDF06EAC-02DF-4BDA-A883-98B856BC1765}"
EndProject
Global
	GlobalSection(SolutionConfigurationPlatforms) = preSolution
		Debug|Any CPU = Debug|Any CPU
		Release|Any CPU = Release|Any CPU
	EndGlobalSection
	GlobalSection(ProjectConfigurationPlatforms) = postSolution
		{1980E43F-C5E4-4A2B-95A6-1AEBDC7EE2B7}.Debug|Any CPU.ActiveCfg = Debug|Any CPU
		{1980E43F-C5E4-4A2B-95A6-1AEBDC7EE2B7}.Debug|Any CPU.Build.0 = Debug|Any CPU
		{1980E43F-C5E4-4A2B-95A6-1AEBDC7EE2B7}.Release|Any CPU.ActiveCfg = Release|Any CPU
		{1980E43F-C5E4-4A2B-95A6-1AEBDC7EE2B7}.Release|Any CPU.Build.0 = Release|Any CPU
		{DDF06EAC-02DF-4BDA-A883-98B856BC1765}.Debug|Any CPU.ActiveCfg = Debug|Any CPU
		{DDF06EAC-02DF-4BDA-A883-98B856BC1765}.Debug|Any CPU.Build.0 = Debug|Any CPU
		{DDF06EAC-02DF-4BDA-A883-98B856BC1765}.Release|Any CPU.ActiveCfg = Release|Any CPU
		{DDF06EAC-02DF-4BDA-A883-98B856BC1765}.Release|Any CPU.Build.0 = Release|Any CPU
	EndGlobalSection
	GlobalSection(SolutionProperties) = preSolution
		HideSolutionNode = FALSE
	EndGlobalSection
EndGlobal
